Microsoft Visual Studio Solution File, Format Version 12.00
# Visual Studio Version 18
VisualStudioVersion = 18.0.0.0
MinimumVisualStudioVersion = 10.0.40219.1
Project("{8BC9CEB8-8B4A-11D0-8D11-00A0C91BC942}") = "CHIP8.Emulator", "CHIP8.Emulator.vcxproj", "{1B7B4E03-2D2B-42D7-9E7E-7EF6D5F3D001}"
EndProject
Project("{8BC9CEB8-8B4A-11D0-8D11-00A0C91BC942}") = "CHIP8.Tests", "CHIP8.Tests.vcxproj", "{B1DDA29C-A8E8-4C6B-8A9F-4F836F8A17B8}"
EndProject
Global
	GlobalSection(SolutionConfigurationPlatforms) = preSolution
		Debug|x64 = Debug|x64
		Release|x64 = Release|x64
	EndGlobalSection
	GlobalSection(ProjectConfigurationPlatforms) = postSolution
		{1B7B4E03-2D2B-42D7-9E7E-7EF6D5F3D001}.Debug|x64.ActiveCfg = Debug|x64
		{1B7B4E03-2D2B-42D7-9E7E-7EF6D5F3D001}.Debug|x64.Build.0 = Debug|x64
		{1B7B4E03-2D2B-42D7-9E7E-7EF6D5F3D001}.Release|x64.ActiveCfg = Release|x64
		{1B7B4E03-2D2B-42D7-9E7E-7EF6D5F3D001}.Release|x64.Build.0 = Release|x64
		{B1DDA29C-A8E8-4C6B-8A9F-4F836F8A17B8}.Debug|x64.ActiveCfg = Debug|x64
		{B1DDA29C-A8E8-4C6B-8A9F-4F836F8A17B8}.Debug|x64.Build.0 = Debug|x64
		{B1DDA29C-A8E8-4C6B-8A9F-4F836F8A17B8}.Release|x64.ActiveCfg = Release|x64
		{B1DDA29C-A8E8-4C6B-8A9F-4F836F8A17B8}.Release|x64.Build.0 = Release|x64
	EndGlobalSection
	GlobalSection(SolutionProperties) = preSolution
		HideSolutionNode = FALSE
	EndGlobalSection
	GlobalSection(ExtensibilityGlobals) = postSolution
		        SolutionGuid = {B23BFD2B-963A-4B88-A9B8-78B3C46E87AA}
	EndGlobalSection
EndGlobal
